
Microsoft Visual Studio Solution File, Format Version 12.00
# Visual Studio Version 16
VisualStudioVersion = 16.0.31321.278
MinimumVisualStudioVersion = 10.0.40219.1
Project("{FAE04EC0-301F-11D3-BF4B-00C04F79EFBC}") = "Ex.Enumeraçao", "Ex.Enumeraçao\Ex.Enumeraçao.csproj", "{B6FCE77B-EEF6-4A10-AEFC-AAF744FA815D}"
EndProject
Global
	GlobalSection(SolutionConfigurationPlatforms) = preSolution
		Debug|Any CPU = Debug|Any CPU
		Release|Any CPU = Release|Any CPU
	EndGlobalSection
	GlobalSection(ProjectConfigurationPlatforms) = postSolution
		{B6FCE77B-EEF6-4A10-AEFC-AAF744FA815D}.Debug|Any CPU.ActiveCfg = Debug|Any CPU
		{B6FCE77B-EEF6-4A10-AEFC-AAF744FA815D}.Debug|Any CPU.Build.0 = Debug|Any CPU
		{B6FCE77B-EEF6-4A10-AEFC-AAF744FA815D}.Release|Any CPU.ActiveCfg = Release|Any CPU
		{B6FCE77B-EEF6-4A10-AEFC-AAF744FA815D}.Release|Any CPU.Build.0 = Release|Any CPU
	EndGlobalSection
	GlobalSection(SolutionProperties) = preSolution
		HideSolutionNode = FALSE
	EndGlobalSection
	GlobalSection(ExtensibilityGlobals) = postSolution
		SolutionGuid = {18177527-597F-4D58-B3C3-434DB3F0BBBF}
	EndGlobalSection
EndGlobal
